
Microsoft Visual Studio Solution File, Format Version 12.00
# Visual Studio Version 17
VisualStudioVersion = 17.0.31912.275
MinimumVisualStudioVersion = 10.0.40219.1
Project("{8BC9CEB8-8B4A-11D0-8D11-00A0C91BC942}") = "day0", "day0\vs\day0.vcxproj", "{EE73C629-5806-4006-9637-71497CB6E5CE}"
EndProject
Project("{8BC9CEB8-8B4A-11D0-8D11-00A0C91BC942}") = "day1", "day1\day1.vcxproj", "{535EEA65-647D-44A7-BFB7-DB536F8A5ADC}"
EndProject
Project("{8BC9CEB8-8B4A-11D0-8D11-00A0C91BC942}") = "day2", "day2\day2.vcxproj", "{B045E8CE-996D-42A9-9622-6F1AA064A465}"
EndProject
Project("{8BC9CEB8-8B4A-11D0-8D11-00A0C91BC942}") = "day3", "day3\day3.vcxproj", "{DDEA64AF-4DCD-448F-8C1C-CC5D39F17E9F}"
EndProject
Project("{8BC9CEB8-8B4A-11D0-8D11-00A0C91BC942}") = "day4", "day4\day4.vcxproj", "{C47A35F6-B747-4660-ACA9-E02462A2D40B}"
EndProject
Project("{8BC9CEB8-8B4A-11D0-8D11-00A0C91BC942}") = "day6", "day6\vs\day6.vcxproj", "{14E5FCDE-B3E3-4461-A104-E022C6C46BB9}"
EndProject
Project("{8BC9CEB8-8B4A-11D0-8D11-00A0C91BC942}") = "day7", "day7\vs\day7.vcxproj", "{56C0C7EB-31D8-402F-A942-D4C51DB0BDAB}"
EndProject
Project("{8BC9CEB8-8B4A-11D0-8D11-00A0C91BC942}") = "day9", "day9\vs\day9.vcxproj", "{B338CC52-FC9F-44D8-B220-CC5E38B835A3}"
EndProject
Project("{8BC9CEB8-8B4A-11D0-8D11-00A0C91BC942}") = "day14", "day14\vs\day14\day14.vcxproj", "{353C6131-87AF-40BA-B028-FF7593D28BA4}"
EndProject
Project("{8BC9CEB8-8B4A-11D0-8D11-00A0C91BC942}") = "day17", "day17\vs\day17.vcxproj", "{A5D10773-639E-49E9-A0BD-E7B6081A87C2}"
EndProject
Project("{8BC9CEB8-8B4A-11D0-8D11-00A0C91BC942}") = "day15", "day15\vs\day15.vcxproj", "{1FFFC110-9C21-4AF1-B581-B0C88F2EE5D7}"
EndProject
Global
	GlobalSection(SolutionConfigurationPlatforms) = preSolution
		Debug|x64 = Debug|x64
		Debug|x86 = Debug|x86
		Release|x64 = Release|x64
		Release|x86 = Release|x86
	EndGlobalSection
	GlobalSection(ProjectConfigurationPlatforms) = postSolution
		{EE73C629-5806-4006-9637-71497CB6E5CE}.Debug|x64.ActiveCfg = Debug|x64
		{EE73C629-5806-4006-9637-71497CB6E5CE}.Debug|x64.Build.0 = Debug|x64
		{EE73C629-5806-4006-9637-71497CB6E5CE}.Debug|x86.ActiveCfg = Debug|Win32
		{EE73C629-5806-4006-9637-71497CB6E5CE}.Debug|x86.Build.0 = Debug|Win32
		{EE73C629-5806-4006-9637-71497CB6E5CE}.Release|x64.ActiveCfg = Release|x64
		{EE73C629-5806-4006-9637-71497CB6E5CE}.Release|x64.Build.0 = Release|x64
		{EE73C629-5806-4006-9637-71497CB6E5CE}.Release|x86.ActiveCfg = Release|Win32
		{EE73C629-5806-4006-9637-71497CB6E5CE}.Release|x86.Build.0 = Release|Win32
		{535EEA65-647D-44A7-BFB7-DB536F8A5ADC}.Debug|x64.ActiveCfg = Debug|x64
		{535EEA65-647D-44A7-BFB7-DB536F8A5ADC}.Debug|x64.Build.0 = Debug|x64
		{535EEA65-647D-44A7-BFB7-DB536F8A5ADC}.Debug|x86.ActiveCfg = Debug|Win32
		{535EEA65-647D-44A7-BFB7-DB536F8A5ADC}.Debug|x86.Build.0 = Debug|Win32
		{535EEA65-647D-44A7-BFB7-DB536F8A5ADC}.Release|x64.ActiveCfg = Release|x64
		{535EEA65-647D-44A7-BFB7-DB536F8A5ADC}.Release|x64.Build.0 = Release|x64
		{535EEA65-647D-44A7-BFB7-DB536F8A5ADC}.Release|x86.ActiveCfg = Release|Win32
		{535EEA65-647D-44A7-BFB7-DB536F8A5ADC}.Release|x86.Build.0 = Release|Win32
		{B045E8CE-996D-42A9-9622-6F1AA064A465}.Debug|x64.ActiveCfg = Debug|x64
		{B045E8CE-996D-42A9-9622-6F1AA064A465}.Debug|x64.Build.0 = Debug|x64
		{B045E8CE-996D-42A9-9622-6F1AA064A465}.Debug|x86.ActiveCfg = Debug|Win32
		{B045E8CE-996D-42A9-9622-6F1AA064A465}.Debug|x86.Build.0 = Debug|Win32
		{B045E8CE-996D-42A9-9622-6F1AA064A465}.Release|x64.ActiveCfg = Release|x64
		{B045E8CE-996D-42A9-9622-6F1AA064A465}.Release|x64.Build.0 = Release|x64
		{B045E8CE-996D-42A9-9622-6F1AA064A465}.Release|x86.ActiveCfg = Release|Win32
		{B045E8CE-996D-42A9-9622-6F1AA064A465}.Release|x86.Build.0 = Release|Win32
		{DDEA64AF-4DCD-448F-8C1C-CC5D39F17E9F}.Debug|x64.ActiveCfg = Debug|x64
		{DDEA64AF-4DCD-448F-8C1C-CC5D39F17E9F}.Debug|x64.Build.0 = Debug|x64
		{DDEA64AF-4DCD-448F-8C1C-CC5D39F17E9F}.Debug|x86.ActiveCfg = Debug|Win32
		{DDEA64AF-4DCD-448F-8C1C-CC5D39F17E9F}.Debug|x86.Build.0 = Debug|Win32
		{DDEA64AF-4DCD-448F-8C1C-CC5D39F17E9F}.Release|x64.ActiveCfg = Release|x64
		{DDEA64AF-4DCD-448F-8C1C-CC5D39F17E9F}.Release|x64.Build.0 = Release|x64
		{DDEA64AF-4DCD-448F-8C1C-CC5D39F17E9F}.Release|x86.ActiveCfg = Release|Win32
		{DDEA64AF-4DCD-448F-8C1C-CC5D39F17E9F}.Release|x86.Build.0 = Release|Win32
		{C47A35F6-B747-4660-ACA9-E02462A2D40B}.Debug|x64.ActiveCfg = Debug|x64
		{C47A35F6-B747-4660-ACA9-E02462A2D40B}.Debug|x64.Build.0 = Debug|x64
		{C47A35F6-B747-4660-ACA9-E02462A2D40B}.Debug|x86.ActiveCfg = Debug|Win32
		{C47A35F6-B747-4660-ACA9-E02462A2D40B}.Debug|x86.Build.0 = Debug|Win32
		{C47A35F6-B747-4660-ACA9-E02462A2D40B}.Release|x64.ActiveCfg = Release|x64
		{C47A35F6-B747-4660-ACA9-E02462A2D40B}.Release|x64.Build.0 = Release|x64
		{C47A35F6-B747-4660-ACA9-E02462A2D40B}.Release|x86.ActiveCfg = Release|Win32
		{C47A35F6-B747-4660-ACA9-E02462A2D40B}.Release|x86.Build.0 = Release|Win32
		{14E5FCDE-B3E3-4461-A104-E022C6C46BB9}.Debug|x64.ActiveCfg = Debug|x64
		{14E5FCDE-B3E3-4461-A104-E022C6C46BB9}.Debug|x64.Build.0 = Debug|x64
		{14E5FCDE-B3E3-4461-A104-E022C6C46BB9}.Debug|x86.ActiveCfg = Debug|Win32
		{14E5FCDE-B3E3-4461-A104-E022C6C46BB9}.Debug|x86.Build.0 = Debug|Win32
		{14E5FCDE-B3E3-4461-A104-E022C6C46BB9}.Release|x64.ActiveCfg = Release|x64
		{14E5FCDE-B3E3-4461-A104-E022C6C46BB9}.Release|x64.Build.0 = Release|x64
		{14E5FCDE-B3E3-4461-A104-E022C6C46BB9}.Release|x86.ActiveCfg = Release|Win32
		{14E5FCDE-B3E3-4461-A104-E022C6C46BB9}.Release|x86.Build.0 = Release|Win32
		{56C0C7EB-31D8-402F-A942-D4C51DB0BDAB}.Debug|x64.ActiveCfg = Debug|x64
		{56C0C7EB-31D8-402F-A942-D4C51DB0BDAB}.Debug|x64.Build.0 = Debug|x64
		{56C0C7EB-31D8-402F-A942-D4C51DB0BDAB}.Debug|x86.ActiveCfg = Debug|Win32
		{56C0C7EB-31D8-402F-A942-D4C51DB0BDAB}.Debug|x86.Build.0 = Debug|Win32
		{56C0C7EB-31D8-402F-A942-D4C51DB0BDAB}.Release|x64.ActiveCfg = Release|x64
		{56C0C7EB-31D8-402F-A942-D4C51DB0BDAB}.Release|x64.Build.0 = Release|x64
		{56C0C7EB-31D8-402F-A942-D4C51DB0BDAB}.Release|x86.ActiveCfg = Release|Win32
		{56C0C7EB-31D8-402F-A942-D4C51DB0BDAB}.Release|x86.Build.0 = Release|Win32
		{B338CC52-FC9F-44D8-B220-CC5E38B835A3}.Debug|x64.ActiveCfg = Debug|x64
		{B338CC52-FC9F-44D8-B220-CC5E38B835A3}.Debug|x64.Build.0 = Debug|x64
		{B338CC52-FC9F-44D8-B220-CC5E38B835A3}.Debug|x86.ActiveCfg = Debug|Win32
		{B338CC52-FC9F-44D8-B220-CC5E38B835A3}.Debug|x86.Build.0 = Debug|Win32
		{B338CC52-FC9F-44D8-B220-CC5E38B835A3}.Release|x64.ActiveCfg = Release|x64
		{B338CC52-FC9F-44D8-B220-CC5E38B835A3}.Release|x64.Build.0 = Release|x64
		{B338CC52-FC9F-44D8-B220-CC5E38B835A3}.Release|x86.ActiveCfg = Release|Win32
		{B338CC52-FC9F-44D8-B220-CC5E38B835A3}.Release|x86.Build.0 = Release|Win32
		{353C6131-87AF-40BA-B028-FF7593D28BA4}.Debug|x64.ActiveCfg = Debug|x64
		{353C6131-87AF-40BA-B028-FF7593D28BA4}.Debug|x64.Build.0 = Debug|x64
		{353C6131-87AF-40BA-B028-FF7593D28BA4}.Debug|x86.ActiveCfg = Debug|Win32
		{353C6131-87AF-40BA-B028-FF7593D28BA4}.Debug|x86.Build.0 = Debug|Win32
		{353C6131-87AF-40BA-B028-FF7593D28BA4}.Release|x64.ActiveCfg = Release|x64
		{353C6131-87AF-40BA-B028-FF7593D28BA4}.Release|x64.Build.0 = Release|x64
		{353C6131-87AF-40BA-B028-FF7593D28BA4}.Release|x86.ActiveCfg = Release|Win32
		{353C6131-87AF-40BA-B028-FF7593D28BA4}.Release|x86.Build.0 = Release|Win32
		{A5D10773-639E-49E9-A0BD-E7B6081A87C2}.Debug|x64.ActiveCfg = Debug|x64
		{A5D10773-639E-49E9-A0BD-E7B6081A87C2}.Debug|x64.Build.0 = Debug|x64
		{A5D10773-639E-49E9-A0BD-E7B6081A87C2}.Debug|x86.ActiveCfg = Debug|Win32
		{A5D10773-639E-49E9-A0BD-E7B6081A87C2}.Debug|x86.Build.0 = Debug|Win32
		{A5D10773-639E-49E9-A0BD-E7B6081A87C2}.Release|x64.ActiveCfg = Release|x64
		{A5D10773-639E-49E9-A0BD-E7B6081A87C2}.Release|x64.Build.0 = Release|x64
		{A5D10773-639E-49E9-A0BD-E7B6081A87C2}.Release|x86.ActiveCfg = Release|Win32
		{A5D10773-639E-49E9-A0BD-E7B6081A87C2}.Release|x86.Build.0 = Release|Win32
		{1FFFC110-9C21-4AF1-B581-B0C88F2EE5D7}.Debug|x64.ActiveCfg = Debug|x64
		{1FFFC110-9C21-4AF1-B581-B0C88F2EE5D7}.Debug|x64.Build.0 = Debug|x64
		{1FFFC110-9C21-4AF1-B581-B0C88F2EE5D7}.Debug|x86.ActiveCfg = Debug|Win32
		{1FFFC110-9C21-4AF1-B581-B0C88F2EE5D7}.Debug|x86.Build.0 = Debug|Win32
		{1FFFC110-9C21-4AF1-B581-B0C88F2EE5D7}.Release|x64.ActiveCfg = Release|x64
		{1FFFC110-9C21-4AF1-B581-B0C88F2EE5D7}.Release|x64.Build.0 = Release|x64
		{1FFFC110-9C21-4AF1-B581-B0C88F2EE5D7}.Release|x86.ActiveCfg = Release|Win32
		{1FFFC110-9C21-4AF1-B581-B0C88F2EE5D7}.Release|x86.Build.0 = Release|Win32
	EndGlobalSection
	GlobalSection(SolutionProperties) = preSolution
		HideSolutionNode = FALSE
	EndGlobalSection
	GlobalSection(ExtensibilityGlobals) = postSolution
		SolutionGuid = {88F49D30-BC80-419A-A40A-BBCE0E5EDF32}
	EndGlobalSection
EndGlobal
